// !$*UTF8*$!
{
	archiveVersion = 1;
	classes = {
	};
	objectVersion = 55;
	objects = {

/* Begin PBXBuildFile section */
		446518F727402F1C00B18829 /* BreathingView.swift in Sources */ = {isa = PBXBuildFile; fileRef = 446518F627402F1C00B18829 /* BreathingView.swift */; };
		44F747662743C7770059322F /* BreathingDetector.swift in Sources */ = {isa = PBXBuildFile; fileRef = 44F747652743C7770059322F /* BreathingDetector.swift */; };
		44F747682743D1460059322F /* BreathingExercise.swift in Sources */ = {isa = PBXBuildFile; fileRef = 44F747672743D1460059322F /* BreathingExercise.swift */; };
		44F7476A2744FC740059322F /* SelfEsteemView.swift in Sources */ = {isa = PBXBuildFile; fileRef = 44F747692744FC740059322F /* SelfEsteemView.swift */; };
		44F7476C2744FE110059322F /* SelfEsteemExercise.swift in Sources */ = {isa = PBXBuildFile; fileRef = 44F7476B2744FE110059322F /* SelfEsteemExercise.swift */; };
		44F7476E274505800059322F /* GuidedMeditationView.swift in Sources */ = {isa = PBXBuildFile; fileRef = 44F7476D274505800059322F /* GuidedMeditationView.swift */; };
		44F747702745073F0059322F /* GuidedMExercise.swift in Sources */ = {isa = PBXBuildFile; fileRef = 44F7476F2745073F0059322F /* GuidedMExercise.swift */; };
		5984A171273E7E1700167292 /* MeteorStormApp.swift in Sources */ = {isa = PBXBuildFile; fileRef = 5984A170273E7E1700167292 /* MeteorStormApp.swift */; };
		5984A173273E7E1700167292 /* DatesList.swift in Sources */ = {isa = PBXBuildFile; fileRef = 5984A172273E7E1700167292 /* DatesList.swift */; };
		5984A175273E7E1900167292 /* Assets.xcassets in Resources */ = {isa = PBXBuildFile; fileRef = 5984A174273E7E1900167292 /* Assets.xcassets */; };
		5984A178273E7E1900167292 /* Preview Assets.xcassets in Resources */ = {isa = PBXBuildFile; fileRef = 5984A177273E7E1900167292 /* Preview Assets.xcassets */; };
		5984A17A273E7E1900167292 /* Persistence.swift in Sources */ = {isa = PBXBuildFile; fileRef = 5984A179273E7E1900167292 /* Persistence.swift */; };
		5984A17D273E7E1900167292 /* MeteorStorm.xcdatamodeld in Sources */ = {isa = PBXBuildFile; fileRef = 5984A17B273E7E1900167292 /* MeteorStorm.xcdatamodeld */; };
		5984A187273E7E1900167292 /* MeteorStormTests.swift in Sources */ = {isa = PBXBuildFile; fileRef = 5984A186273E7E1900167292 /* MeteorStormTests.swift */; };
		5984A191273E7E1900167292 /* MeteorStormUITests.swift in Sources */ = {isa = PBXBuildFile; fileRef = 5984A190273E7E1900167292 /* MeteorStormUITests.swift */; };
		5984A193273E7E1900167292 /* MeteorStormUITestsLaunchTests.swift in Sources */ = {isa = PBXBuildFile; fileRef = 5984A192273E7E1900167292 /* MeteorStormUITestsLaunchTests.swift */; };
		763B3B2B2744F86E005AA766 /* RelationshipCaring.swift in Sources */ = {isa = PBXBuildFile; fileRef = 763B3B2A2744F86E005AA766 /* RelationshipCaring.swift */; };
		763B3B2D2744F881005AA766 /* RelationshipCaring2.swift in Sources */ = {isa = PBXBuildFile; fileRef = 763B3B2C2744F881005AA766 /* RelationshipCaring2.swift */; };
		763B3B2F2744F890005AA766 /* RelationshipCaring3.swift in Sources */ = {isa = PBXBuildFile; fileRef = 763B3B2E2744F890005AA766 /* RelationshipCaring3.swift */; };
		763B3B312744F8A4005AA766 /* RelationshipCaring4.swift in Sources */ = {isa = PBXBuildFile; fileRef = 763B3B302744F8A4005AA766 /* RelationshipCaring4.swift */; };
		763B3B4327465328005AA766 /* TrafficLight3.swift in Sources */ = {isa = PBXBuildFile; fileRef = 763B3B4227465328005AA766 /* TrafficLight3.swift */; };
		763B3B45274654E3005AA766 /* CountDown2.swift in Sources */ = {isa = PBXBuildFile; fileRef = 763B3B44274654E3005AA766 /* CountDown2.swift */; };
		763B3B4727479813005AA766 /* Pie.swift in Sources */ = {isa = PBXBuildFile; fileRef = 763B3B4627479812005AA766 /* Pie.swift */; };
		763B3B4F2747B802005AA766 /* TrafficLight2.swift in Sources */ = {isa = PBXBuildFile; fileRef = 763B3B4B2747B802005AA766 /* TrafficLight2.swift */; };
		763B3B502747B802005AA766 /* TrafficLight3.swift in Sources */ = {isa = PBXBuildFile; fileRef = 763B3B4C2747B802005AA766 /* TrafficLight3.swift */; };
		763B3B512747B802005AA766 /* TrafficLight.swift in Sources */ = {isa = PBXBuildFile; fileRef = 763B3B4D2747B802005AA766 /* TrafficLight.swift */; };
		763B3B522747B802005AA766 /* CountDown2.swift in Sources */ = {isa = PBXBuildFile; fileRef = 763B3B4E2747B802005AA766 /* CountDown2.swift */; };
		763FA36B2742981300E2108D /* CheckInView.swift in Sources */ = {isa = PBXBuildFile; fileRef = 763FA36A2742981300E2108D /* CheckInView.swift */; };
		7B047395274138D60013496C /* TabBarView.swift in Sources */ = {isa = PBXBuildFile; fileRef = 7B047394274138D60013496C /* TabBarView.swift */; };
		7B047397274139330013496C /* CalendarView.swift in Sources */ = {isa = PBXBuildFile; fileRef = 7B047396274139330013496C /* CalendarView.swift */; };
		7B04739927413A210013496C /* TrainingView.swift in Sources */ = {isa = PBXBuildFile; fileRef = 7B04739827413A210013496C /* TrainingView.swift */; };
		7B33C9942743C181000F3D2E /* CircleEmoji.swift in Sources */ = {isa = PBXBuildFile; fileRef = 7B33C9932743C181000F3D2E /* CircleEmoji.swift */; };
		7B7A7564274032DD00E4EB9F /* TodayView.swift in Sources */ = {isa = PBXBuildFile; fileRef = 7B7A7563274032DD00E4EB9F /* TodayView.swift */; };
		7BA92FAE27440C8300C002F4 /* CheckInView2.swift in Sources */ = {isa = PBXBuildFile; fileRef = 7BA92FAD27440C8300C002F4 /* CheckInView2.swift */; };
		7BA92FB027442AEC00C002F4 /* NotTappableEmoji.swift in Sources */ = {isa = PBXBuildFile; fileRef = 7BA92FAF27442AEC00C002F4 /* NotTappableEmoji.swift */; };
/* End PBXBuildFile section */

/* Begin PBXContainerItemProxy section */
		5984A183273E7E1900167292 /* PBXContainerItemProxy */ = {
			isa = PBXContainerItemProxy;
			containerPortal = 5984A165273E7E1700167292 /* Project object */;
			proxyType = 1;
			remoteGlobalIDString = 5984A16C273E7E1700167292;
			remoteInfo = MeteorStorm;
		};
		5984A18D273E7E1900167292 /* PBXContainerItemProxy */ = {
			isa = PBXContainerItemProxy;
			containerPortal = 5984A165273E7E1700167292 /* Project object */;
			proxyType = 1;
			remoteGlobalIDString = 5984A16C273E7E1700167292;
			remoteInfo = MeteorStorm;
		};
/* End PBXContainerItemProxy section */

/* Begin PBXFileReference section */
		442F210E274699C600129B35 /* Info.plist */ = {isa = PBXFileReference; lastKnownFileType = text.plist; path = Info.plist; sourceTree = "<group>"; };
		446518F627402F1C00B18829 /* BreathingView.swift */ = {isa = PBXFileReference; indentWidth = 10; lastKnownFileType = sourcecode.swift; path = BreathingView.swift; sourceTree = "<group>"; tabWidth = 10; };
		44F747652743C7770059322F /* BreathingDetector.swift */ = {isa = PBXFileReference; lastKnownFileType = sourcecode.swift; path = BreathingDetector.swift; sourceTree = "<group>"; };
		44F747672743D1460059322F /* BreathingExercise.swift */ = {isa = PBXFileReference; lastKnownFileType = sourcecode.swift; path = BreathingExercise.swift; sourceTree = "<group>"; };
		44F747692744FC740059322F /* SelfEsteemView.swift */ = {isa = PBXFileReference; lastKnownFileType = sourcecode.swift; path = SelfEsteemView.swift; sourceTree = "<group>"; };
		44F7476B2744FE110059322F /* SelfEsteemExercise.swift */ = {isa = PBXFileReference; lastKnownFileType = sourcecode.swift; path = SelfEsteemExercise.swift; sourceTree = "<group>"; };
		44F7476D274505800059322F /* GuidedMeditationView.swift */ = {isa = PBXFileReference; lastKnownFileType = sourcecode.swift; path = GuidedMeditationView.swift; sourceTree = "<group>"; };
		44F7476F2745073F0059322F /* GuidedMExercise.swift */ = {isa = PBXFileReference; lastKnownFileType = sourcecode.swift; path = GuidedMExercise.swift; sourceTree = "<group>"; };
		5984A16D273E7E1700167292 /* MeteorStorm.app */ = {isa = PBXFileReference; explicitFileType = wrapper.application; includeInIndex = 0; path = MeteorStorm.app; sourceTree = BUILT_PRODUCTS_DIR; };
		5984A170273E7E1700167292 /* MeteorStormApp.swift */ = {isa = PBXFileReference; lastKnownFileType = sourcecode.swift; path = MeteorStormApp.swift; sourceTree = "<group>"; };
		5984A172273E7E1700167292 /* DatesList.swift */ = {isa = PBXFileReference; lastKnownFileType = sourcecode.swift; path = DatesList.swift; sourceTree = "<group>"; };
		5984A174273E7E1900167292 /* Assets.xcassets */ = {isa = PBXFileReference; lastKnownFileType = folder.assetcatalog; path = Assets.xcassets; sourceTree = "<group>"; };
		5984A177273E7E1900167292 /* Preview Assets.xcassets */ = {isa = PBXFileReference; lastKnownFileType = folder.assetcatalog; path = "Preview Assets.xcassets"; sourceTree = "<group>"; };
		5984A179273E7E1900167292 /* Persistence.swift */ = {isa = PBXFileReference; lastKnownFileType = sourcecode.swift; path = Persistence.swift; sourceTree = "<group>"; };
		5984A17C273E7E1900167292 /* MeteorStorm.xcdatamodel */ = {isa = PBXFileReference; lastKnownFileType = wrapper.xcdatamodel; path = MeteorStorm.xcdatamodel; sourceTree = "<group>"; };
		5984A182273E7E1900167292 /* MeteorStormTests.xctest */ = {isa = PBXFileReference; explicitFileType = wrapper.cfbundle; includeInIndex = 0; path = MeteorStormTests.xctest; sourceTree = BUILT_PRODUCTS_DIR; };
		5984A186273E7E1900167292 /* MeteorStormTests.swift */ = {isa = PBXFileReference; lastKnownFileType = sourcecode.swift; path = MeteorStormTests.swift; sourceTree = "<group>"; };
		5984A18C273E7E1900167292 /* MeteorStormUITests.xctest */ = {isa = PBXFileReference; explicitFileType = wrapper.cfbundle; includeInIndex = 0; path = MeteorStormUITests.xctest; sourceTree = BUILT_PRODUCTS_DIR; };
		5984A190273E7E1900167292 /* MeteorStormUITests.swift */ = {isa = PBXFileReference; lastKnownFileType = sourcecode.swift; path = MeteorStormUITests.swift; sourceTree = "<group>"; };
		5984A192273E7E1900167292 /* MeteorStormUITestsLaunchTests.swift */ = {isa = PBXFileReference; lastKnownFileType = sourcecode.swift; path = MeteorStormUITestsLaunchTests.swift; sourceTree = "<group>"; };
		763B3B2A2744F86E005AA766 /* RelationshipCaring.swift */ = {isa = PBXFileReference; lastKnownFileType = sourcecode.swift; path = RelationshipCaring.swift; sourceTree = "<group>"; };
		763B3B2C2744F881005AA766 /* RelationshipCaring2.swift */ = {isa = PBXFileReference; lastKnownFileType = sourcecode.swift; path = RelationshipCaring2.swift; sourceTree = "<group>"; };
		763B3B2E2744F890005AA766 /* RelationshipCaring3.swift */ = {isa = PBXFileReference; lastKnownFileType = sourcecode.swift; path = RelationshipCaring3.swift; sourceTree = "<group>"; };
		763B3B302744F8A4005AA766 /* RelationshipCaring4.swift */ = {isa = PBXFileReference; lastKnownFileType = sourcecode.swift; path = RelationshipCaring4.swift; sourceTree = "<group>"; };
		763B3B3C27454343005AA766 /* Stoplight.swift */ = {isa = PBXFileReference; lastKnownFileType = sourcecode.swift; path = Stoplight.swift; sourceTree = "<group>"; };
		763B3B4227465328005AA766 /* TrafficLight3.swift */ = {isa = PBXFileReference; lastKnownFileType = sourcecode.swift; path = TrafficLight3.swift; sourceTree = "<group>"; };
		763B3B44274654E3005AA766 /* CountDown2.swift */ = {isa = PBXFileReference; lastKnownFileType = sourcecode.swift; path = CountDown2.swift; sourceTree = "<group>"; };
		763B3B4627479812005AA766 /* Pie.swift */ = {isa = PBXFileReference; lastKnownFileType = sourcecode.swift; path = Pie.swift; sourceTree = "<group>"; };
		763B3B4B2747B802005AA766 /* TrafficLight2.swift */ = {isa = PBXFileReference; fileEncoding = 4; lastKnownFileType = sourcecode.swift; path = TrafficLight2.swift; sourceTree = "<group>"; };
		763B3B4C2747B802005AA766 /* TrafficLight3.swift */ = {isa = PBXFileReference; fileEncoding = 4; lastKnownFileType = sourcecode.swift; path = TrafficLight3.swift; sourceTree = "<group>"; };
		763B3B4D2747B802005AA766 /* TrafficLight.swift */ = {isa = PBXFileReference; fileEncoding = 4; lastKnownFileType = sourcecode.swift; path = TrafficLight.swift; sourceTree = "<group>"; };
		763B3B4E2747B802005AA766 /* CountDown2.swift */ = {isa = PBXFileReference; fileEncoding = 4; lastKnownFileType = sourcecode.swift; path = CountDown2.swift; sourceTree = "<group>"; };
		763FA36A2742981300E2108D /* CheckInView.swift */ = {isa = PBXFileReference; lastKnownFileType = sourcecode.swift; path = CheckInView.swift; sourceTree = "<group>"; };
		7B047394274138D60013496C /* TabBarView.swift */ = {isa = PBXFileReference; lastKnownFileType = sourcecode.swift; path = TabBarView.swift; sourceTree = "<group>"; };
		7B047396274139330013496C /* CalendarView.swift */ = {isa = PBXFileReference; lastKnownFileType = sourcecode.swift; path = CalendarView.swift; sourceTree = "<group>"; };
		7B04739827413A210013496C /* TrainingView.swift */ = {isa = PBXFileReference; lastKnownFileType = sourcecode.swift; path = TrainingView.swift; sourceTree = "<group>"; };
		7B33C9932743C181000F3D2E /* CircleEmoji.swift */ = {isa = PBXFileReference; lastKnownFileType = sourcecode.swift; path = CircleEmoji.swift; sourceTree = "<group>"; };
		7B7A7563274032DD00E4EB9F /* TodayView.swift */ = {isa = PBXFileReference; lastKnownFileType = sourcecode.swift; path = TodayView.swift; sourceTree = "<group>"; };
		7BA92FAD27440C8300C002F4 /* CheckInView2.swift */ = {isa = PBXFileReference; lastKnownFileType = sourcecode.swift; path = CheckInView2.swift; sourceTree = "<group>"; };
		7BA92FAF27442AEC00C002F4 /* NotTappableEmoji.swift */ = {isa = PBXFileReference; lastKnownFileType = sourcecode.swift; path = NotTappableEmoji.swift; sourceTree = "<group>"; };
/* End PBXFileReference section */

/* Begin PBXFrameworksBuildPhase section */
		5984A16A273E7E1700167292 /* Frameworks */ = {
			isa = PBXFrameworksBuildPhase;
			buildActionMask = 2147483647;
			files = (
			);
			runOnlyForDeploymentPostprocessing = 0;
		};
		5984A17F273E7E1900167292 /* Frameworks */ = {
			isa = PBXFrameworksBuildPhase;
			buildActionMask = 2147483647;
			files = (
			);
			runOnlyForDeploymentPostprocessing = 0;
		};
		5984A189273E7E1900167292 /* Frameworks */ = {
			isa = PBXFrameworksBuildPhase;
			buildActionMask = 2147483647;
			files = (
			);
			runOnlyForDeploymentPostprocessing = 0;
		};
/* End PBXFrameworksBuildPhase section */

/* Begin PBXGroup section */
		5984A164273E7E1700167292 = {
			isa = PBXGroup;
			children = (
				5984A16F273E7E1700167292 /* MeteorStorm */,
				5984A185273E7E1900167292 /* MeteorStormTests */,
				5984A18F273E7E1900167292 /* MeteorStormUITests */,
				5984A16E273E7E1700167292 /* Products */,
				763B3B4A2747B7D6005AA766 /* Recovered References */,
			);
			sourceTree = "<group>";
		};
		5984A16E273E7E1700167292 /* Products */ = {
			isa = PBXGroup;
			children = (
				5984A16D273E7E1700167292 /* MeteorStorm.app */,
				5984A182273E7E1900167292 /* MeteorStormTests.xctest */,
				5984A18C273E7E1900167292 /* MeteorStormUITests.xctest */,
			);
			name = Products;
			sourceTree = "<group>";
		};
		5984A16F273E7E1700167292 /* MeteorStorm */ = {
			isa = PBXGroup;
			children = (
				442F210E274699C600129B35 /* Info.plist */,
				7B047394274138D60013496C /* TabBarView.swift */,
				7B7A7563274032DD00E4EB9F /* TodayView.swift */,
				763B3B2A2744F86E005AA766 /* RelationshipCaring.swift */,
				763B3B2C2744F881005AA766 /* RelationshipCaring2.swift */,
				763B3B2E2744F890005AA766 /* RelationshipCaring3.swift */,
				763B3B302744F8A4005AA766 /* RelationshipCaring4.swift */,
				763FA36A2742981300E2108D /* CheckInView.swift */,
				7BA92FAD27440C8300C002F4 /* CheckInView2.swift */,
				44F747692744FC740059322F /* SelfEsteemView.swift */,
				44F7476B2744FE110059322F /* SelfEsteemExercise.swift */,
				7B047396274139330013496C /* CalendarView.swift */,
				7B33C9932743C181000F3D2E /* CircleEmoji.swift */,
				7BA92FAF27442AEC00C002F4 /* NotTappableEmoji.swift */,
				763B3B3C27454343005AA766 /* Stoplight.swift */,
				763B3B4627479812005AA766 /* Pie.swift */,
				763B3B4E2747B802005AA766 /* CountDown2.swift */,
				763B3B4D2747B802005AA766 /* TrafficLight.swift */,
				763B3B4B2747B802005AA766 /* TrafficLight2.swift */,
				763B3B4C2747B802005AA766 /* TrafficLight3.swift */,
				7B04739827413A210013496C /* TrainingView.swift */,
				44F7476D274505800059322F /* GuidedMeditationView.swift */,
				44F7476F2745073F0059322F /* GuidedMExercise.swift */,
				5984A170273E7E1700167292 /* MeteorStormApp.swift */,
				446518F627402F1C00B18829 /* BreathingView.swift */,
				44F747672743D1460059322F /* BreathingExercise.swift */,
				44F747652743C7770059322F /* BreathingDetector.swift */,
				5984A172273E7E1700167292 /* DatesList.swift */,
				5984A174273E7E1900167292 /* Assets.xcassets */,
				5984A179273E7E1900167292 /* Persistence.swift */,
				5984A17B273E7E1900167292 /* MeteorStorm.xcdatamodeld */,
				5984A176273E7E1900167292 /* Preview Content */,
			);
			path = MeteorStorm;
			sourceTree = "<group>";
		};
		5984A176273E7E1900167292 /* Preview Content */ = {
			isa = PBXGroup;
			children = (
				5984A177273E7E1900167292 /* Preview Assets.xcassets */,
			);
			path = "Preview Content";
			sourceTree = "<group>";
		};
		5984A185273E7E1900167292 /* MeteorStormTests */ = {
			isa = PBXGroup;
			children = (
				5984A186273E7E1900167292 /* MeteorStormTests.swift */,
			);
			path = MeteorStormTests;
			sourceTree = "<group>";
		};
		5984A18F273E7E1900167292 /* MeteorStormUITests */ = {
			isa = PBXGroup;
			children = (
				5984A190273E7E1900167292 /* MeteorStormUITests.swift */,
				5984A192273E7E1900167292 /* MeteorStormUITestsLaunchTests.swift */,
			);
			path = MeteorStormUITests;
			sourceTree = "<group>";
		};
		763B3B4A2747B7D6005AA766 /* Recovered References */ = {
			isa = PBXGroup;
			children = (
				763B3B44274654E3005AA766 /* CountDown2.swift */,
				763B3B4227465328005AA766 /* TrafficLight3.swift */,
			);
			name = "Recovered References";
			sourceTree = "<group>";
		};
/* End PBXGroup section */

/* Begin PBXNativeTarget section */
		5984A16C273E7E1700167292 /* MeteorStorm */ = {
			isa = PBXNativeTarget;
			buildConfigurationList = 5984A196273E7E1900167292 /* Build configuration list for PBXNativeTarget "MeteorStorm" */;
			buildPhases = (
				5984A169273E7E1700167292 /* Sources */,
				5984A16A273E7E1700167292 /* Frameworks */,
				5984A16B273E7E1700167292 /* Resources */,
			);
			buildRules = (
			);
			dependencies = (
			);
			name = MeteorStorm;
			productName = MeteorStorm;
			productReference = 5984A16D273E7E1700167292 /* MeteorStorm.app */;
			productType = "com.apple.product-type.application";
		};
		5984A181273E7E1900167292 /* MeteorStormTests */ = {
			isa = PBXNativeTarget;
			buildConfigurationList = 5984A199273E7E1900167292 /* Build configuration list for PBXNativeTarget "MeteorStormTests" */;
			buildPhases = (
				5984A17E273E7E1900167292 /* Sources */,
				5984A17F273E7E1900167292 /* Frameworks */,
				5984A180273E7E1900167292 /* Resources */,
			);
			buildRules = (
			);
			dependencies = (
				5984A184273E7E1900167292 /* PBXTargetDependency */,
			);
			name = MeteorStormTests;
			productName = MeteorStormTests;
			productReference = 5984A182273E7E1900167292 /* MeteorStormTests.xctest */;
			productType = "com.apple.product-type.bundle.unit-test";
		};
		5984A18B273E7E1900167292 /* MeteorStormUITests */ = {
			isa = PBXNativeTarget;
			buildConfigurationList = 5984A19C273E7E1900167292 /* Build configuration list for PBXNativeTarget "MeteorStormUITests" */;
			buildPhases = (
				5984A188273E7E1900167292 /* Sources */,
				5984A189273E7E1900167292 /* Frameworks */,
				5984A18A273E7E1900167292 /* Resources */,
			);
			buildRules = (
			);
			dependencies = (
				5984A18E273E7E1900167292 /* PBXTargetDependency */,
			);
			name = MeteorStormUITests;
			productName = MeteorStormUITests;
			productReference = 5984A18C273E7E1900167292 /* MeteorStormUITests.xctest */;
			productType = "com.apple.product-type.bundle.ui-testing";
		};
/* End PBXNativeTarget section */

/* Begin PBXProject section */
		5984A165273E7E1700167292 /* Project object */ = {
			isa = PBXProject;
			attributes = {
				BuildIndependentTargetsInParallel = 1;
				LastSwiftUpdateCheck = 1300;
				LastUpgradeCheck = 1300;
				TargetAttributes = {
					5984A16C273E7E1700167292 = {
						CreatedOnToolsVersion = 13.0;
					};
					5984A181273E7E1900167292 = {
						CreatedOnToolsVersion = 13.0;
						TestTargetID = 5984A16C273E7E1700167292;
					};
					5984A18B273E7E1900167292 = {
						CreatedOnToolsVersion = 13.0;
						TestTargetID = 5984A16C273E7E1700167292;
					};
				};
			};
			buildConfigurationList = 5984A168273E7E1700167292 /* Build configuration list for PBXProject "MeteorStorm" */;
			compatibilityVersion = "Xcode 13.0";
			developmentRegion = en;
			hasScannedForEncodings = 0;
			knownRegions = (
				en,
				Base,
			);
			mainGroup = 5984A164273E7E1700167292;
			productRefGroup = 5984A16E273E7E1700167292 /* Products */;
			projectDirPath = "";
			projectRoot = "";
			targets = (
				5984A16C273E7E1700167292 /* MeteorStorm */,
				5984A181273E7E1900167292 /* MeteorStormTests */,
				5984A18B273E7E1900167292 /* MeteorStormUITests */,
			);
		};
/* End PBXProject section */

/* Begin PBXResourcesBuildPhase section */
		5984A16B273E7E1700167292 /* Resources */ = {
			isa = PBXResourcesBuildPhase;
			buildActionMask = 2147483647;
			files = (
				5984A178273E7E1900167292 /* Preview Assets.xcassets in Resources */,
				5984A175273E7E1900167292 /* Assets.xcassets in Resources */,
			);
			runOnlyForDeploymentPostprocessing = 0;
		};
		5984A180273E7E1900167292 /* Resources */ = {
			isa = PBXResourcesBuildPhase;
			buildActionMask = 2147483647;
			files = (
			);
			runOnlyForDeploymentPostprocessing = 0;
		};
		5984A18A273E7E1900167292 /* Resources */ = {
			isa = PBXResourcesBuildPhase;
			buildActionMask = 2147483647;
			files = (
			);
			runOnlyForDeploymentPostprocessing = 0;
		};
/* End PBXResourcesBuildPhase section */

/* Begin PBXSourcesBuildPhase section */
		5984A169273E7E1700167292 /* Sources */ = {
			isa = PBXSourcesBuildPhase;
			buildActionMask = 2147483647;
			files = (
				44F747682743D1460059322F /* BreathingExercise.swift in Sources */,
				5984A17A273E7E1900167292 /* Persistence.swift in Sources */,
				7B047397274139330013496C /* CalendarView.swift in Sources */,
				763FA36B2742981300E2108D /* CheckInView.swift in Sources */,
				763B3B312744F8A4005AA766 /* RelationshipCaring4.swift in Sources */,
				763B3B45274654E3005AA766 /* CountDown2.swift in Sources */,
				7B7A7564274032DD00E4EB9F /* TodayView.swift in Sources */,
				5984A17D273E7E1900167292 /* MeteorStorm.xcdatamodeld in Sources */,
				7BA92FB027442AEC00C002F4 /* NotTappableEmoji.swift in Sources */,
				7B04739927413A210013496C /* TrainingView.swift in Sources */,
				763B3B4F2747B802005AA766 /* TrafficLight2.swift in Sources */,
				5984A173273E7E1700167292 /* DatesList.swift in Sources */,
				763B3B522747B802005AA766 /* CountDown2.swift in Sources */,
				44F747662743C7770059322F /* BreathingDetector.swift in Sources */,
				763B3B4727479813005AA766 /* Pie.swift in Sources */,
				763B3B4327465328005AA766 /* TrafficLight3.swift in Sources */,
				44F7476A2744FC740059322F /* SelfEsteemView.swift in Sources */,
				44F747702745073F0059322F /* GuidedMExercise.swift in Sources */,
				44F7476E274505800059322F /* GuidedMeditationView.swift in Sources */,
				7B047395274138D60013496C /* TabBarView.swift in Sources */,
				44F7476C2744FE110059322F /* SelfEsteemExercise.swift in Sources */,
				763B3B502747B802005AA766 /* TrafficLight3.swift in Sources */,
				5984A171273E7E1700167292 /* MeteorStormApp.swift in Sources */,
				763B3B2F2744F890005AA766 /* RelationshipCaring3.swift in Sources */,
				763B3B512747B802005AA766 /* TrafficLight.swift in Sources */,
				7B33C9942743C181000F3D2E /* CircleEmoji.swift in Sources */,
				7BA92FAE27440C8300C002F4 /* CheckInView2.swift in Sources */,
				446518F727402F1C00B18829 /* BreathingView.swift in Sources */,
				763B3B2B2744F86E005AA766 /* RelationshipCaring.swift in Sources */,
				763B3B2D2744F881005AA766 /* RelationshipCaring2.swift in Sources */,
			);
			runOnlyForDeploymentPostprocessing = 0;
		};
		5984A17E273E7E1900167292 /* Sources */ = {
			isa = PBXSourcesBuildPhase;
			buildActionMask = 2147483647;
			files = (
				5984A187273E7E1900167292 /* MeteorStormTests.swift in Sources */,
			);
			runOnlyForDeploymentPostprocessing = 0;
		};
		5984A188273E7E1900167292 /* Sources */ = {
			isa = PBXSourcesBuildPhase;
			buildActionMask = 2147483647;
			files = (
				5984A193273E7E1900167292 /* MeteorStormUITestsLaunchTests.swift in Sources */,
				5984A191273E7E1900167292 /* MeteorStormUITests.swift in Sources */,
			);
			runOnlyForDeploymentPostprocessing = 0;
		};
/* End PBXSourcesBuildPhase section */

/* Begin PBXTargetDependency section */
		5984A184273E7E1900167292 /* PBXTargetDependency */ = {
			isa = PBXTargetDependency;
			target = 5984A16C273E7E1700167292 /* MeteorStorm */;
			targetProxy = 5984A183273E7E1900167292 /* PBXContainerItemProxy */;
		};
		5984A18E273E7E1900167292 /* PBXTargetDependency */ = {
			isa = PBXTargetDependency;
			target = 5984A16C273E7E1700167292 /* MeteorStorm */;
			targetProxy = 5984A18D273E7E1900167292 /* PBXContainerItemProxy */;
		};
/* End PBXTargetDependency section */

/* Begin XCBuildConfiguration section */
		5984A194273E7E1900167292 /* Debug */ = {
			isa = XCBuildConfiguration;
			buildSettings = {
				ALWAYS_SEARCH_USER_PATHS = NO;
				CLANG_ANALYZER_NONNULL = YES;
				CLANG_ANALYZER_NUMBER_OBJECT_CONVERSION = YES_AGGRESSIVE;
				CLANG_CXX_LANGUAGE_STANDARD = "gnu++17";
				CLANG_CXX_LIBRARY = "libc++";
				CLANG_ENABLE_MODULES = YES;
				CLANG_ENABLE_OBJC_ARC = YES;
				CLANG_ENABLE_OBJC_WEAK = YES;
				CLANG_WARN_BLOCK_CAPTURE_AUTORELEASING = YES;
				CLANG_WARN_BOOL_CONVERSION = YES;
				CLANG_WARN_COMMA = YES;
				CLANG_WARN_CONSTANT_CONVERSION = YES;
				CLANG_WARN_DEPRECATED_OBJC_IMPLEMENTATIONS = YES;
				CLANG_WARN_DIRECT_OBJC_ISA_USAGE = YES_ERROR;
				CLANG_WARN_DOCUMENTATION_COMMENTS = YES;
				CLANG_WARN_EMPTY_BODY = YES;
				CLANG_WARN_ENUM_CONVERSION = YES;
				CLANG_WARN_INFINITE_RECURSION = YES;
				CLANG_WARN_INT_CONVERSION = YES;
				CLANG_WARN_NON_LITERAL_NULL_CONVERSION = YES;
				CLANG_WARN_OBJC_IMPLICIT_RETAIN_SELF = YES;
				CLANG_WARN_OBJC_LITERAL_CONVERSION = YES;
				CLANG_WARN_OBJC_ROOT_CLASS = YES_ERROR;
				CLANG_WARN_QUOTED_INCLUDE_IN_FRAMEWORK_HEADER = YES;
				CLANG_WARN_RANGE_LOOP_ANALYSIS = YES;
				CLANG_WARN_STRICT_PROTOTYPES = YES;
				CLANG_WARN_SUSPICIOUS_MOVE = YES;
				CLANG_WARN_UNGUARDED_AVAILABILITY = YES_AGGRESSIVE;
				CLANG_WARN_UNREACHABLE_CODE = YES;
				CLANG_WARN__DUPLICATE_METHOD_MATCH = YES;
				COPY_PHASE_STRIP = NO;
				DEBUG_INFORMATION_FORMAT = dwarf;
				ENABLE_STRICT_OBJC_MSGSEND = YES;
				ENABLE_TESTABILITY = YES;
				GCC_C_LANGUAGE_STANDARD = gnu11;
				GCC_DYNAMIC_NO_PIC = NO;
				GCC_NO_COMMON_BLOCKS = YES;
				GCC_OPTIMIZATION_LEVEL = 0;
				GCC_PREPROCESSOR_DEFINITIONS = (
					"DEBUG=1",
					"$(inherited)",
				);
				GCC_WARN_64_TO_32_BIT_CONVERSION = YES;
				GCC_WARN_ABOUT_RETURN_TYPE = YES_ERROR;
				GCC_WARN_UNDECLARED_SELECTOR = YES;
				GCC_WARN_UNINITIALIZED_AUTOS = YES_AGGRESSIVE;
				GCC_WARN_UNUSED_FUNCTION = YES;
				GCC_WARN_UNUSED_VARIABLE = YES;
				IPHONEOS_DEPLOYMENT_TARGET = 15.0;
				MTL_ENABLE_DEBUG_INFO = INCLUDE_SOURCE;
				MTL_FAST_MATH = YES;
				ONLY_ACTIVE_ARCH = YES;
				SDKROOT = iphoneos;
				SWIFT_ACTIVE_COMPILATION_CONDITIONS = DEBUG;
				SWIFT_OPTIMIZATION_LEVEL = "-Onone";
			};
			name = Debug;
		};
		5984A195273E7E1900167292 /* Release */ = {
			isa = XCBuildConfiguration;
			buildSettings = {
				ALWAYS_SEARCH_USER_PATHS = NO;
				CLANG_ANALYZER_NONNULL = YES;
				CLANG_ANALYZER_NUMBER_OBJECT_CONVERSION = YES_AGGRESSIVE;
				CLANG_CXX_LANGUAGE_STANDARD = "gnu++17";
				CLANG_CXX_LIBRARY = "libc++";
				CLANG_ENABLE_MODULES = YES;
				CLANG_ENABLE_OBJC_ARC = YES;
				CLANG_ENABLE_OBJC_WEAK = YES;
				CLANG_WARN_BLOCK_CAPTURE_AUTORELEASING = YES;
				CLANG_WARN_BOOL_CONVERSION = YES;
				CLANG_WARN_COMMA = YES;
				CLANG_WARN_CONSTANT_CONVERSION = YES;
				CLANG_WARN_DEPRECATED_OBJC_IMPLEMENTATIONS = YES;
				CLANG_WARN_DIRECT_OBJC_ISA_USAGE = YES_ERROR;
				CLANG_WARN_DOCUMENTATION_COMMENTS = YES;
				CLANG_WARN_EMPTY_BODY = YES;
				CLANG_WARN_ENUM_CONVERSION = YES;
				CLANG_WARN_INFINITE_RECURSION = YES;
				CLANG_WARN_INT_CONVERSION = YES;
				CLANG_WARN_NON_LITERAL_NULL_CONVERSION = YES;
				CLANG_WARN_OBJC_IMPLICIT_RETAIN_SELF = YES;
				CLANG_WARN_OBJC_LITERAL_CONVERSION = YES;
				CLANG_WARN_OBJC_ROOT_CLASS = YES_ERROR;
				CLANG_WARN_QUOTED_INCLUDE_IN_FRAMEWORK_HEADER = YES;
				CLANG_WARN_RANGE_LOOP_ANALYSIS = YES;
				CLANG_WARN_STRICT_PROTOTYPES = YES;
				CLANG_WARN_SUSPICIOUS_MOVE = YES;
				CLANG_WARN_UNGUARDED_AVAILABILITY = YES_AGGRESSIVE;
				CLANG_WARN_UNREACHABLE_CODE = YES;
				CLANG_WARN__DUPLICATE_METHOD_MATCH = YES;
				COPY_PHASE_STRIP = NO;
				DEBUG_INFORMATION_FORMAT = "dwarf-with-dsym";
				ENABLE_NS_ASSERTIONS = NO;
				ENABLE_STRICT_OBJC_MSGSEND = YES;
				GCC_C_LANGUAGE_STANDARD = gnu11;
				GCC_NO_COMMON_BLOCKS = YES;
				GCC_WARN_64_TO_32_BIT_CONVERSION = YES;
				GCC_WARN_ABOUT_RETURN_TYPE = YES_ERROR;
				GCC_WARN_UNDECLARED_SELECTOR = YES;
				GCC_WARN_UNINITIALIZED_AUTOS = YES_AGGRESSIVE;
				GCC_WARN_UNUSED_FUNCTION = YES;
				GCC_WARN_UNUSED_VARIABLE = YES;
				IPHONEOS_DEPLOYMENT_TARGET = 15.0;
				MTL_ENABLE_DEBUG_INFO = NO;
				MTL_FAST_MATH = YES;
				SDKROOT = iphoneos;
				SWIFT_COMPILATION_MODE = wholemodule;
				SWIFT_OPTIMIZATION_LEVEL = "-O";
				VALIDATE_PRODUCT = YES;
			};
			name = Release;
		};
		5984A197273E7E1900167292 /* Debug */ = {
			isa = XCBuildConfiguration;
			buildSettings = {
				ASSETCATALOG_COMPILER_APPICON_NAME = AppIcon;
				ASSETCATALOG_COMPILER_GLOBAL_ACCENT_COLOR_NAME = AccentColor;
				CODE_SIGN_STYLE = Automatic;
				CURRENT_PROJECT_VERSION = 1;
				DEVELOPMENT_ASSET_PATHS = "\"MeteorStorm/Preview Content\"";
				DEVELOPMENT_TEAM = 2G8PXYNWSD;
				ENABLE_PREVIEWS = YES;
				GENERATE_INFOPLIST_FILE = YES;
				INFOPLIST_FILE = MeteorStorm/Info.plist;
				INFOPLIST_KEY_LSApplicationCategoryType = "";
				INFOPLIST_KEY_UIApplicationSceneManifest_Generation = YES;
				INFOPLIST_KEY_UIApplicationSupportsIndirectInputEvents = YES;
				INFOPLIST_KEY_UILaunchScreen_Generation = YES;
				INFOPLIST_KEY_UISupportedInterfaceOrientations_iPad = "UIInterfaceOrientationPortrait UIInterfaceOrientationPortraitUpsideDown UIInterfaceOrientationLandscapeLeft UIInterfaceOrientationLandscapeRight";
				INFOPLIST_KEY_UISupportedInterfaceOrientations_iPhone = "UIInterfaceOrientationPortrait UIInterfaceOrientationLandscapeLeft UIInterfaceOrientationLandscapeRight";
				IPHONEOS_DEPLOYMENT_TARGET = 14.0;
				LD_RUNPATH_SEARCH_PATHS = (
					"$(inherited)",
					"@executable_path/Frameworks",
				);
				MARKETING_VERSION = 1.0;
				PRODUCT_BUNDLE_IDENTIFIER = MeteorStorm.MeteorStorm;
				PRODUCT_NAME = "$(TARGET_NAME)";
				SWIFT_EMIT_LOC_STRINGS = YES;
				SWIFT_VERSION = 5.0;
				TARGETED_DEVICE_FAMILY = "1,2";
			};
			name = Debug;
		};
		5984A198273E7E1900167292 /* Release */ = {
			isa = XCBuildConfiguration;
			buildSettings = {
				ASSETCATALOG_COMPILER_APPICON_NAME = AppIcon;
				ASSETCATALOG_COMPILER_GLOBAL_ACCENT_COLOR_NAME = AccentColor;
				CODE_SIGN_STYLE = Automatic;
				CURRENT_PROJECT_VERSION = 1;
				DEVELOPMENT_ASSET_PATHS = "\"MeteorStorm/Preview Content\"";
				DEVELOPMENT_TEAM = 2G8PXYNWSD;
				ENABLE_PREVIEWS = YES;
				GENERATE_INFOPLIST_FILE = YES;
				INFOPLIST_FILE = MeteorStorm/Info.plist;
				INFOPLIST_KEY_LSApplicationCategoryType = "";
				INFOPLIST_KEY_UIApplicationSceneManifest_Generation = YES;
				INFOPLIST_KEY_UIApplicationSupportsIndirectInputEvents = YES;
				INFOPLIST_KEY_UILaunchScreen_Generation = YES;
				INFOPLIST_KEY_UISupportedInterfaceOrientations_iPad = "UIInterfaceOrientationPortrait UIInterfaceOrientationPortraitUpsideDown UIInterfaceOrientationLandscapeLeft UIInterfaceOrientationLandscapeRight";
				INFOPLIST_KEY_UISupportedInterfaceOrientations_iPhone = "UIInterfaceOrientationPortrait UIInterfaceOrientationLandscapeLeft UIInterfaceOrientationLandscapeRight";
				IPHONEOS_DEPLOYMENT_TARGET = 14.0;
				LD_RUNPATH_SEARCH_PATHS = (
					"$(inherited)",
					"@executable_path/Frameworks",
				);
				MARKETING_VERSION = 1.0;
				PRODUCT_BUNDLE_IDENTIFIER = MeteorStorm.MeteorStorm;
				PRODUCT_NAME = "$(TARGET_NAME)";
				SWIFT_EMIT_LOC_STRINGS = YES;
				SWIFT_VERSION = 5.0;
				TARGETED_DEVICE_FAMILY = "1,2";
			};
			name = Release;
		};
		5984A19A273E7E1900167292 /* Debug */ = {
			isa = XCBuildConfiguration;
			buildSettings = {
				ALWAYS_EMBED_SWIFT_STANDARD_LIBRARIES = YES;
				BUNDLE_LOADER = "$(TEST_HOST)";
				CODE_SIGN_STYLE = Automatic;
				CURRENT_PROJECT_VERSION = 1;
				DEVELOPMENT_TEAM = 2G8PXYNWSD;
				GENERATE_INFOPLIST_FILE = YES;
				IPHONEOS_DEPLOYMENT_TARGET = 14.0;
				LD_RUNPATH_SEARCH_PATHS = (
					"$(inherited)",
					"@executable_path/Frameworks",
					"@loader_path/Frameworks",
				);
				MARKETING_VERSION = 1.0;
				PRODUCT_BUNDLE_IDENTIFIER = MeteorStorm.MeteorStormTests;
				PRODUCT_NAME = "$(TARGET_NAME)";
				SWIFT_EMIT_LOC_STRINGS = NO;
				SWIFT_VERSION = 5.0;
				TARGETED_DEVICE_FAMILY = "1,2";
				TEST_HOST = "$(BUILT_PRODUCTS_DIR)/MeteorStorm.app/MeteorStorm";
			};
			name = Debug;
		};
		5984A19B273E7E1900167292 /* Release */ = {
			isa = XCBuildConfiguration;
			buildSettings = {
				ALWAYS_EMBED_SWIFT_STANDARD_LIBRARIES = YES;
				BUNDLE_LOADER = "$(TEST_HOST)";
				CODE_SIGN_STYLE = Automatic;
				CURRENT_PROJECT_VERSION = 1;
				DEVELOPMENT_TEAM = 2G8PXYNWSD;
				GENERATE_INFOPLIST_FILE = YES;
				IPHONEOS_DEPLOYMENT_TARGET = 14.0;
				LD_RUNPATH_SEARCH_PATHS = (
					"$(inherited)",
					"@executable_path/Frameworks",
					"@loader_path/Frameworks",
				);
				MARKETING_VERSION = 1.0;
				PRODUCT_BUNDLE_IDENTIFIER = MeteorStorm.MeteorStormTests;
				PRODUCT_NAME = "$(TARGET_NAME)";
				SWIFT_EMIT_LOC_STRINGS = NO;
				SWIFT_VERSION = 5.0;
				TARGETED_DEVICE_FAMILY = "1,2";
				TEST_HOST = "$(BUILT_PRODUCTS_DIR)/MeteorStorm.app/MeteorStorm";
			};
			name = Release;
		};
		5984A19D273E7E1900167292 /* Debug */ = {
			isa = XCBuildConfiguration;
			buildSettings = {
				ALWAYS_EMBED_SWIFT_STANDARD_LIBRARIES = YES;
				CODE_SIGN_STYLE = Automatic;
				CURRENT_PROJECT_VERSION = 1;
				DEVELOPMENT_TEAM = 2G8PXYNWSD;
				GENERATE_INFOPLIST_FILE = YES;
				LD_RUNPATH_SEARCH_PATHS = (
					"$(inherited)",
					"@executable_path/Frameworks",
					"@loader_path/Frameworks",
				);
				MARKETING_VERSION = 1.0;
				PRODUCT_BUNDLE_IDENTIFIER = MeteorStorm.MeteorStormUITests;
				PRODUCT_NAME = "$(TARGET_NAME)";
				SWIFT_EMIT_LOC_STRINGS = NO;
				SWIFT_VERSION = 5.0;
				TARGETED_DEVICE_FAMILY = "1,2";
				TEST_TARGET_NAME = MeteorStorm;
			};
			name = Debug;
		};
		5984A19E273E7E1900167292 /* Release */ = {
			isa = XCBuildConfiguration;
			buildSettings = {
				ALWAYS_EMBED_SWIFT_STANDARD_LIBRARIES = YES;
				CODE_SIGN_STYLE = Automatic;
				CURRENT_PROJECT_VERSION = 1;
				DEVELOPMENT_TEAM = 2G8PXYNWSD;
				GENERATE_INFOPLIST_FILE = YES;
				LD_RUNPATH_SEARCH_PATHS = (
					"$(inherited)",
					"@executable_path/Frameworks",
					"@loader_path/Frameworks",
				);
				MARKETING_VERSION = 1.0;
				PRODUCT_BUNDLE_IDENTIFIER = MeteorStorm.MeteorStormUITests;
				PRODUCT_NAME = "$(TARGET_NAME)";
				SWIFT_EMIT_LOC_STRINGS = NO;
				SWIFT_VERSION = 5.0;
				TARGETED_DEVICE_FAMILY = "1,2";
				TEST_TARGET_NAME = MeteorStorm;
			};
			name = Release;
		};
/* End XCBuildConfiguration section */

/* Begin XCConfigurationList section */
		5984A168273E7E1700167292 /* Build configuration list for PBXProject "MeteorStorm" */ = {
			isa = XCConfigurationList;
			buildConfigurations = (
				5984A194273E7E1900167292 /* Debug */,
				5984A195273E7E1900167292 /* Release */,
			);
			defaultConfigurationIsVisible = 0;
			defaultConfigurationName = Release;
		};
		5984A196273E7E1900167292 /* Build configuration list for PBXNativeTarget "MeteorStorm" */ = {
			isa = XCConfigurationList;
			buildConfigurations = (
				5984A197273E7E1900167292 /* Debug */,
				5984A198273E7E1900167292 /* Release */,
			);
			defaultConfigurationIsVisible = 0;
			defaultConfigurationName = Release;
		};
		5984A199273E7E1900167292 /* Build configuration list for PBXNativeTarget "MeteorStormTests" */ = {
			isa = XCConfigurationList;
			buildConfigurations = (
				5984A19A273E7E1900167292 /* Debug */,
				5984A19B273E7E1900167292 /* Release */,
			);
			defaultConfigurationIsVisible = 0;
			defaultConfigurationName = Release;
		};
		5984A19C273E7E1900167292 /* Build configuration list for PBXNativeTarget "MeteorStormUITests" */ = {
			isa = XCConfigurationList;
			buildConfigurations = (
				5984A19D273E7E1900167292 /* Debug */,
				5984A19E273E7E1900167292 /* Release */,
			);
			defaultConfigurationIsVisible = 0;
			defaultConfigurationName = Release;
		};
/* End XCConfigurationList section */

/* Begin XCVersionGroup section */
		5984A17B273E7E1900167292 /* MeteorStorm.xcdatamodeld */ = {
			isa = XCVersionGroup;
			children = (
				5984A17C273E7E1900167292 /* MeteorStorm.xcdatamodel */,
			);
			currentVersion = 5984A17C273E7E1900167292 /* MeteorStorm.xcdatamodel */;
			path = MeteorStorm.xcdatamodeld;
			sourceTree = "<group>";
			versionGroupType = wrapper.xcdatamodel;
		};
/* End XCVersionGroup section */
	};
	rootObject = 5984A165273E7E1700167292 /* Project object */;
}
